github.com/alpinejs/alpine v1.9.7/go.mod h1:BKI81egATMnaKqFeX5HEfYMnjZjcjcZmrYAu5Nck+EY=
github.com/alpinejs/alpine v1.9.8/go.mod h1:BKI81egATMnaKqFeX5HEfYMnjZjcjcZmrYAu5Nck+EY=
github.com/bep/hugo-jslibs v0.0.0-20200130074055-257607e78517 h1:YbOQNFw+m5Ph7GNxUlA1q3Wb70ATTfl4OvkhDGo0mtk=
github.com/bep/hugo-jslibs/alpinejs v0.1.0 h1:sslmEr5a+VwWYrXtA9SJkg3zFC6k2vX1Yp76K3FvD7w=
github.com/bep/hugo-jslibs/alpinejs v0.1.0/go.mod h1:lsA5YidERLfH5waalbVhqmzDY7RElccnQzIrsEmMKSs=
github.com/bep/hugo-jslibs/alpinejs v0.1.1 h1:Dp0a/Dsw8OHb5fWxptmk0/Rp7lcI2mn/8dNcBBxi+zc=
github.com/bep/hugo-jslibs/alpinejs v0.1.1/go.mod h1:DzUQZwyS+JwoWJygZjTqLw6WQRiRljVc/ujYCM17H+0=
github.com/bep/hugo-jslibs/turbolinks v0.1.0 h1:GC8uyvyKGyQVfUgRGno7GiWU+4dGrcP3/snQv//5FEk=
github.com/bep/hugo-jslibs/turbolinks v0.1.0/go.mod h1:CQHa51PjmF5gavvhS3JKSE9ywo8h7QgOj3D88ry6qu0=
github.com/turbolinks/turbolinks-source-gem v5.2.0+incompatible/go.mod h1:Cl0Br9tUXkQvxumVNGTvyaa7dqpFC2kPMrsS0Ttc94U=
